
Microsoft Visual Studio Solution File, Format Version 12.00
# Visual Studio 2012
Project("{FAE04EC0-301F-11D3-BF4B-00C04F79EFBC}") = "WorkGauge", "WorkGauge\WorkGauge.csproj", "{C4ACF320-9799-4B28-9380-4BC032A63518}"
EndProject
Project("{FAE04EC0-301F-11D3-BF4B-00C04F79EFBC}") = "WorkGauge.iOS", "iOS\WorkGauge.iOS.csproj", "{3AF4EAA4-1D7E-421E-BA50-269DC9736517}"
EndProject
Global
	GlobalSection(SolutionConfigurationPlatforms) = preSolution
		Debug|Any CPU = Debug|Any CPU
		Release|Any CPU = Release|Any CPU
		Debug|iPhoneSimulator = Debug|iPhoneSimulator
		Release|iPhone = Release|iPhone
		Release|iPhoneSimulator = Release|iPhoneSimulator
		Debug|iPhone = Debug|iPhone
	EndGlobalSection
	GlobalSection(ProjectConfigurationPlatforms) = postSolution
		{3AF4EAA4-1D7E-421E-BA50-269DC9736517}.Debug|Any CPU.ActiveCfg = Debug|iPhoneSimulator
		{3AF4EAA4-1D7E-421E-BA50-269DC9736517}.Debug|Any CPU.Build.0 = Debug|iPhoneSimulator
		{3AF4EAA4-1D7E-421E-BA50-269DC9736517}.Debug|iPhone.ActiveCfg = Debug|iPhone
		{3AF4EAA4-1D7E-421E-BA50-269DC9736517}.Debug|iPhone.Build.0 = Debug|iPhone
		{3AF4EAA4-1D7E-421E-BA50-269DC9736517}.Debug|iPhoneSimulator.ActiveCfg = Debug|iPhoneSimulator
		{3AF4EAA4-1D7E-421E-BA50-269DC9736517}.Debug|iPhoneSimulator.Build.0 = Debug|iPhoneSimulator
		{3AF4EAA4-1D7E-421E-BA50-269DC9736517}.Release|Any CPU.ActiveCfg = Release|iPhone
		{3AF4EAA4-1D7E-421E-BA50-269DC9736517}.Release|Any CPU.Build.0 = Release|iPhone
		{3AF4EAA4-1D7E-421E-BA50-269DC9736517}.Release|iPhone.ActiveCfg = Release|iPhone
		{3AF4EAA4-1D7E-421E-BA50-269DC9736517}.Release|iPhone.Build.0 = Release|iPhone
		{3AF4EAA4-1D7E-421E-BA50-269DC9736517}.Release|iPhoneSimulator.ActiveCfg = Release|iPhoneSimulator
		{3AF4EAA4-1D7E-421E-BA50-269DC9736517}.Release|iPhoneSimulator.Build.0 = Release|iPhoneSimulator
		{C4ACF320-9799-4B28-9380-4BC032A63518}.Debug|Any CPU.ActiveCfg = Debug|Any CPU
		{C4ACF320-9799-4B28-9380-4BC032A63518}.Debug|Any CPU.Build.0 = Debug|Any CPU
		{C4ACF320-9799-4B28-9380-4BC032A63518}.Debug|iPhone.ActiveCfg = Debug|Any CPU
		{C4ACF320-9799-4B28-9380-4BC032A63518}.Debug|iPhone.Build.0 = Debug|Any CPU
		{C4ACF320-9799-4B28-9380-4BC032A63518}.Debug|iPhoneSimulator.ActiveCfg = Debug|Any CPU
		{C4ACF320-9799-4B28-9380-4BC032A63518}.Debug|iPhoneSimulator.Build.0 = Debug|Any CPU
		{C4ACF320-9799-4B28-9380-4BC032A63518}.Release|Any CPU.ActiveCfg = Release|Any CPU
		{C4ACF320-9799-4B28-9380-4BC032A63518}.Release|Any CPU.Build.0 = Release|Any CPU
		{C4ACF320-9799-4B28-9380-4BC032A63518}.Release|iPhone.ActiveCfg = Release|Any CPU
		{C4ACF320-9799-4B28-9380-4BC032A63518}.Release|iPhone.Build.0 = Release|Any CPU
		{C4ACF320-9799-4B28-9380-4BC032A63518}.Release|iPhoneSimulator.ActiveCfg = Release|Any CPU
		{C4ACF320-9799-4B28-9380-4BC032A63518}.Release|iPhoneSimulator.Build.0 = Release|Any CPU
	EndGlobalSection
EndGlobal
